
Microsoft Visual Studio Solution File, Format Version 12.00
# Visual Studio Version 16
VisualStudioVersion = 16.0.31424.327
MinimumVisualStudioVersion = 10.0.40219.1
Project("{FAE04EC0-301F-11D3-BF4B-00C04F79EFBC}") = "Esercizio-Telecom-Provider", "Esercizio-Telecom-Provider\Esercizio-Telecom-Provider.csproj", "{EC7D966E-0BEA-459A-96E3-38025B8F90DC}"
EndProject
Global
	GlobalSection(SolutionConfigurationPlatforms) = preSolution
		Debug|Any CPU = Debug|Any CPU
		Release|Any CPU = Release|Any CPU
	EndGlobalSection
	GlobalSection(ProjectConfigurationPlatforms) = postSolution
		{EC7D966E-0BEA-459A-96E3-38025B8F90DC}.Debug|Any CPU.ActiveCfg = Debug|Any CPU
		{EC7D966E-0BEA-459A-96E3-38025B8F90DC}.Debug|Any CPU.Build.0 = Debug|Any CPU
		{EC7D966E-0BEA-459A-96E3-38025B8F90DC}.Release|Any CPU.ActiveCfg = Release|Any CPU
		{EC7D966E-0BEA-459A-96E3-38025B8F90DC}.Release|Any CPU.Build.0 = Release|Any CPU
	EndGlobalSection
	GlobalSection(SolutionProperties) = preSolution
		HideSolutionNode = FALSE
	EndGlobalSection
	GlobalSection(ExtensibilityGlobals) = postSolution
		SolutionGuid = {6D738E1F-A33F-4E1F-A018-62EAEEFE7451}
	EndGlobalSection
EndGlobal
